Microsoft Visual Studio Solution File, Format Version 8.00
Project("{8BC9CEB8-8B4A-11D0-8D11-00A0C91BC942}") = "fltkSimple", "fltkSimple-vc7.vcproj", "{C9B686BE-3576-44CA-AA63-8C629BD279DC}"
	ProjectSection(ProjectDependencies) = postProject
		{1045CA3D-3526-482B-B4BA-ACBF57404E9B} = {1045CA3D-3526-482B-B4BA-ACBF57404E9B}
		{F35AD44A-5921-4C7F-842F-0B3138825EA6} = {F35AD44A-5921-4C7F-842F-0B3138825EA6}
		{C2715AAA-C99B-438E-BF57-8357BD21AE98} = {C2715AAA-C99B-438E-BF57-8357BD21AE98}
	EndProjectSection
EndProject
Project("{8BC9CEB8-8B4A-11D0-8D11-00A0C91BC942}") = "vtdata", "..\..\TerrainSDK\vtdata\vtdata-vc7.vcproj", "{C2715AAA-C99B-438E-BF57-8357BD21AE98}"
	ProjectSection(ProjectDependencies) = postProject
	EndProjectSection
EndProject
Project("{8BC9CEB8-8B4A-11D0-8D11-00A0C91BC942}") = "vtosg", "..\..\TerrainSDK\vtlib\vtosg\vtosg-vc7.vcproj", "{1045CA3D-3526-482B-B4BA-ACBF57404E9B}"
	ProjectSection(ProjectDependencies) = postProject
	EndProjectSection
EndProject
Project("{8BC9CEB8-8B4A-11D0-8D11-00A0C91BC942}") = "xmlhelper", "..\..\TerrainSDK\xmlhelper\xmlhelper-vc7.vcproj", "{F35AD44A-5921-4C7F-842F-0B3138825EA6}"
	ProjectSection(ProjectDependencies) = postProject
	EndProjectSection
EndProject
Global
	GlobalSection(SolutionConfiguration) = preSolution
		Debug = Debug
		Release = Release
	EndGlobalSection
	GlobalSection(ProjectConfiguration) = postSolution
		{C9B686BE-3576-44CA-AA63-8C629BD279DC}.Debug.ActiveCfg = Debug|Win32
		{C9B686BE-3576-44CA-AA63-8C629BD279DC}.Debug.Build.0 = Debug|Win32
		{C9B686BE-3576-44CA-AA63-8C629BD279DC}.Release.ActiveCfg = Release|Win32
		{C9B686BE-3576-44CA-AA63-8C629BD279DC}.Release.Build.0 = Release|Win32
		{C2715AAA-C99B-438E-BF57-8357BD21AE98}.Debug.ActiveCfg = Debug|Win32
		{C2715AAA-C99B-438E-BF57-8357BD21AE98}.Debug.Build.0 = Debug|Win32
		{C2715AAA-C99B-438E-BF57-8357BD21AE98}.Release.ActiveCfg = Release|Win32
		{C2715AAA-C99B-438E-BF57-8357BD21AE98}.Release.Build.0 = Release|Win32
		{1045CA3D-3526-482B-B4BA-ACBF57404E9B}.Debug.ActiveCfg = Debug|Win32
		{1045CA3D-3526-482B-B4BA-ACBF57404E9B}.Debug.Build.0 = Debug|Win32
		{1045CA3D-3526-482B-B4BA-ACBF57404E9B}.Release.ActiveCfg = Release|Win32
		{1045CA3D-3526-482B-B4BA-ACBF57404E9B}.Release.Build.0 = Release|Win32
		{F35AD44A-5921-4C7F-842F-0B3138825EA6}.Debug.ActiveCfg = Debug|Win32
		{F35AD44A-5921-4C7F-842F-0B3138825EA6}.Debug.Build.0 = Debug|Win32
		{F35AD44A-5921-4C7F-842F-0B3138825EA6}.Release.ActiveCfg = Release|Win32
		{F35AD44A-5921-4C7F-842F-0B3138825EA6}.Release.Build.0 = Release|Win32
	EndGlobalSection
	GlobalSection(ExtensibilityGlobals) = postSolution
	EndGlobalSection
	GlobalSection(ExtensibilityAddIns) = postSolution
	EndGlobalSection
EndGlobal
