Microsoft Visual Studio Solution File, Format Version 8.00
Project("{8BC9CEB8-8B4A-11D0-8D11-00A0C91BC942}") = "BExtractor", "BExtractor-vc7.vcproj", "{81569523-6C32-49A8-80BE-67CF82F05608}"
	ProjectSection(ProjectDependencies) = postProject
		{F35AD44A-5921-4C7F-842F-0B3138825EA6} = {F35AD44A-5921-4C7F-842F-0B3138825EA6}
		{C2715AAA-C99B-438E-BF57-8357BD21AE98} = {C2715AAA-C99B-438E-BF57-8357BD21AE98}
	EndProjectSection
EndProject
Project("{8BC9CEB8-8B4A-11D0-8D11-00A0C91BC942}") = "vtdata", "..\..\TerrainSDK\vtdata\vtdata-vc7.vcproj", "{C2715AAA-C99B-438E-BF57-8357BD21AE98}"
	ProjectSection(ProjectDependencies) = postProject
	EndProjectSection
EndProject
Project("{8BC9CEB8-8B4A-11D0-8D11-00A0C91BC942}") = "xmlhelper", "..\..\TerrainSDK\xmlhelper\xmlhelper-vc7.vcproj", "{F35AD44A-5921-4C7F-842F-0B3138825EA6}"
	ProjectSection(ProjectDependencies) = postProject
	EndProjectSection
EndProject
Global
	GlobalSection(SolutionConfiguration) = preSolution
		Debug = Debug
		Release = Release
	EndGlobalSection
	GlobalSection(ProjectConfiguration) = postSolution
		{81569523-6C32-49A8-80BE-67CF82F05608}.Debug.ActiveCfg = Debug|Win32
		{81569523-6C32-49A8-80BE-67CF82F05608}.Debug.Build.0 = Debug|Win32
		{81569523-6C32-49A8-80BE-67CF82F05608}.Release.ActiveCfg = Release|Win32
		{81569523-6C32-49A8-80BE-67CF82F05608}.Release.Build.0 = Release|Win32
		{C2715AAA-C99B-438E-BF57-8357BD21AE98}.Debug.ActiveCfg = Debug|Win32
		{C2715AAA-C99B-438E-BF57-8357BD21AE98}.Debug.Build.0 = Debug|Win32
		{C2715AAA-C99B-438E-BF57-8357BD21AE98}.Release.ActiveCfg = Release|Win32
		{C2715AAA-C99B-438E-BF57-8357BD21AE98}.Release.Build.0 = Release|Win32
		{F35AD44A-5921-4C7F-842F-0B3138825EA6}.Debug.ActiveCfg = Debug|Win32
		{F35AD44A-5921-4C7F-842F-0B3138825EA6}.Debug.Build.0 = Debug|Win32
		{F35AD44A-5921-4C7F-842F-0B3138825EA6}.Release.ActiveCfg = Release|Win32
		{F35AD44A-5921-4C7F-842F-0B3138825EA6}.Release.Build.0 = Release|Win32
	EndGlobalSection
	GlobalSection(ExtensibilityGlobals) = postSolution
	EndGlobalSection
	GlobalSection(ExtensibilityAddIns) = postSolution
	EndGlobalSection
EndGlobal
